
Microsoft Visual Studio Solution File, Format Version 12.00
Project("{FAE04EC0-301F-11D3-BF4B-00C04F79EFBC}") = "Magn.AspNetCore.RateLimiting", "Magn.AspNetCore.RateLimiting.csproj", "{79F8A3F6-DB38-40AB-B44E-3B2E6D6692D4}"
EndProject
Global
	GlobalSection(SolutionConfigurationPlatforms) = preSolution
		Debug|Any CPU = Debug|Any CPU
		Release|Any CPU = Release|Any CPU
	EndGlobalSection
	GlobalSection(ProjectConfigurationPlatforms) = postSolution
		{79F8A3F6-DB38-40AB-B44E-3B2E6D6692D4}.Debug|Any CPU.ActiveCfg = Debug|Any CPU
		{79F8A3F6-DB38-40AB-B44E-3B2E6D6692D4}.Debug|Any CPU.Build.0 = Debug|Any CPU
		{79F8A3F6-DB38-40AB-B44E-3B2E6D6692D4}.Release|Any CPU.ActiveCfg = Release|Any CPU
		{79F8A3F6-DB38-40AB-B44E-3B2E6D6692D4}.Release|Any CPU.Build.0 = Release|Any CPU
	EndGlobalSection
EndGlobal
